
Microsoft Visual Studio Solution File, Format Version 12.00
# Visual Studio Version 17
VisualStudioVersion = 17.5.002.0
MinimumVisualStudioVersion = 10.0.40219.1
Project("{2150E333-8FDC-42A3-9474-1A3956D46DE8}") = "src", "src", "{440F28B2-38E2-4812-B7FD-9AA229EE7BEC}"
EndProject
Project("{FAE04EC0-301F-11D3-BF4B-00C04F79EFBC}") = "Codec", "src\Codec\Codec.csproj", "{45681C19-1972-4538-962C-1D43EA52BD4B}"
EndProject
Global
	GlobalSection(SolutionConfigurationPlatforms) = preSolution
		Debug|Any CPU = Debug|Any CPU
		Release|Any CPU = Release|Any CPU
	EndGlobalSection
	GlobalSection(ProjectConfigurationPlatforms) = postSolution
		{45681C19-1972-4538-962C-1D43EA52BD4B}.Debug|Any CPU.ActiveCfg = Debug|Any CPU
		{45681C19-1972-4538-962C-1D43EA52BD4B}.Debug|Any CPU.Build.0 = Debug|Any CPU
		{45681C19-1972-4538-962C-1D43EA52BD4B}.Release|Any CPU.ActiveCfg = Release|Any CPU
		{45681C19-1972-4538-962C-1D43EA52BD4B}.Release|Any CPU.Build.0 = Release|Any CPU
	EndGlobalSection
	GlobalSection(SolutionProperties) = preSolution
		HideSolutionNode = FALSE
	EndGlobalSection
	GlobalSection(ExtensibilityGlobals) = postSolution
		SolutionGuid = {B1782BEE-0AE9-4840-8CD5-8CF3C2B2238B}
	EndGlobalSection
	GlobalSection(NestedProjects) = preSolution
		{45681C19-1972-4538-962C-1D43EA52BD4B} = {440F28B2-38E2-4812-B7FD-9AA229EE7BEC}
	EndGlobalSection
EndGlobal
