
Microsoft Visual Studio Solution File, Format Version 12.00
# Visual Studio Version 17
VisualStudioVersion = 17.5.002.0
MinimumVisualStudioVersion = 10.0.40219.1
Project("{2150E333-8FDC-42A3-9474-1A3956D46DE8}") = "src", "src", "{004073B3-1EBA-4C41-B17B-FC81C3E35ED1}"
EndProject
Project("{FAE04EC0-301F-11D3-BF4B-00C04F79EFBC}") = "Imcodec.Cli", "src\Imcodec.Cli\Imcodec.Cli.csproj", "{B449C881-7F28-41EC-AF16-9BBA69E4E858}"
EndProject
Project("{FAE04EC0-301F-11D3-BF4B-00C04F79EFBC}") = "Imcodec.CoreObject", "src\Imcodec.CoreObject\Imcodec.CoreObject.csproj", "{695A211D-682A-4410-B2C0-3D745C2FD3D5}"
EndProject
Project("{FAE04EC0-301F-11D3-BF4B-00C04F79EFBC}") = "Imcodec.Cryptography", "src\Imcodec.Cryptography\Imcodec.Cryptography.csproj", "{EFB76F8F-89FE-4261-A98A-D5ED3A6DA61D}"
EndProject
Project("{FAE04EC0-301F-11D3-BF4B-00C04F79EFBC}") = "Imcodec.IO", "src\Imcodec.IO\Imcodec.IO.csproj", "{038087E7-721E-40ED-926D-5C6FAC465B40}"
EndProject
Project("{FAE04EC0-301F-11D3-BF4B-00C04F79EFBC}") = "Imcodec.Math", "src\Imcodec.Math\Imcodec.Math.csproj", "{4709B73C-7495-4477-B82C-0A23E1C28A9D}"
EndProject
Project("{FAE04EC0-301F-11D3-BF4B-00C04F79EFBC}") = "Imcodec.ObjectProperty", "src\Imcodec.ObjectProperty\Imcodec.ObjectProperty.csproj", "{355C123F-0C31-492E-9E49-DA960FC20837}"
EndProject
Project("{FAE04EC0-301F-11D3-BF4B-00C04F79EFBC}") = "Imcodec.ObjectProperty.CodeGen", "src\Imcodec.ObjectProperty.CodeGen\Imcodec.ObjectProperty.CodeGen.csproj", "{AA4DB8F8-4162-4D25-B21B-E2D2899B67F7}"
EndProject
Project("{FAE04EC0-301F-11D3-BF4B-00C04F79EFBC}") = "Imcodec.Types", "src\Imcodec.Types\Imcodec.Types.csproj", "{FD4FFFAE-ED30-4147-A43B-F6E6A72DA6E5}"
EndProject
Project("{FAE04EC0-301F-11D3-BF4B-00C04F79EFBC}") = "Imcodec.Wad", "src\Imcodec.Wad\Imcodec.Wad.csproj", "{BA5B1EC8-E83D-4BB8-9460-F5333A65784E}"
EndProject
Project("{FAE04EC0-301F-11D3-BF4B-00C04F79EFBC}") = "Imcodec.Test", "test\Imcodec.Test.csproj", "{B300DC3E-5729-46E4-8ADB-F3A1DA71B207}"
EndProject
Project("{FAE04EC0-301F-11D3-BF4B-00C04F79EFBC}") = "Imcodec.Benchmarks", "src\Imcodec.Benchmarks\Imcodec.Benchmarks.csproj", "{79017121-CEF1-42FD-BF99-5A51C3FB33E8}"
EndProject
Project("{FAE04EC0-301F-11D3-BF4B-00C04F79EFBC}") = "Imcodec.MessageLayer", "src\Imcodec.MessageLayer\Imcodec.MessageLayer.csproj", "{8897CD18-4AF8-12BB-A18A-973C174DAB33}"
EndProject
Project("{FAE04EC0-301F-11D3-BF4B-00C04F79EFBC}") = "Imcodec.MessageLayer.CodeGen", "src\Imcodec.MessageLayer.CodeGen\Imcodec.MessageLayer.CodeGen.csproj", "{122F45B3-7028-E07D-8515-CBB0E352AAC1}"
EndProject
Global
	GlobalSection(SolutionConfigurationPlatforms) = preSolution
		Debug|Any CPU = Debug|Any CPU
		Release|Any CPU = Release|Any CPU
	EndGlobalSection
	GlobalSection(ProjectConfigurationPlatforms) = postSolution
		{B449C881-7F28-41EC-AF16-9BBA69E4E858}.Debug|Any CPU.ActiveCfg = Debug|Any CPU
		{B449C881-7F28-41EC-AF16-9BBA69E4E858}.Debug|Any CPU.Build.0 = Debug|Any CPU
		{B449C881-7F28-41EC-AF16-9BBA69E4E858}.Release|Any CPU.ActiveCfg = Release|Any CPU
		{B449C881-7F28-41EC-AF16-9BBA69E4E858}.Release|Any CPU.Build.0 = Release|Any CPU
		{695A211D-682A-4410-B2C0-3D745C2FD3D5}.Debug|Any CPU.ActiveCfg = Debug|Any CPU
		{695A211D-682A-4410-B2C0-3D745C2FD3D5}.Debug|Any CPU.Build.0 = Debug|Any CPU
		{695A211D-682A-4410-B2C0-3D745C2FD3D5}.Release|Any CPU.ActiveCfg = Release|Any CPU
		{695A211D-682A-4410-B2C0-3D745C2FD3D5}.Release|Any CPU.Build.0 = Release|Any CPU
		{EFB76F8F-89FE-4261-A98A-D5ED3A6DA61D}.Debug|Any CPU.ActiveCfg = Debug|Any CPU
		{EFB76F8F-89FE-4261-A98A-D5ED3A6DA61D}.Debug|Any CPU.Build.0 = Debug|Any CPU
		{EFB76F8F-89FE-4261-A98A-D5ED3A6DA61D}.Release|Any CPU.ActiveCfg = Release|Any CPU
		{EFB76F8F-89FE-4261-A98A-D5ED3A6DA61D}.Release|Any CPU.Build.0 = Release|Any CPU
		{038087E7-721E-40ED-926D-5C6FAC465B40}.Debug|Any CPU.ActiveCfg = Debug|Any CPU
		{038087E7-721E-40ED-926D-5C6FAC465B40}.Debug|Any CPU.Build.0 = Debug|Any CPU
		{038087E7-721E-40ED-926D-5C6FAC465B40}.Release|Any CPU.ActiveCfg = Release|Any CPU
		{038087E7-721E-40ED-926D-5C6FAC465B40}.Release|Any CPU.Build.0 = Release|Any CPU
		{4709B73C-7495-4477-B82C-0A23E1C28A9D}.Debug|Any CPU.ActiveCfg = Debug|Any CPU
		{4709B73C-7495-4477-B82C-0A23E1C28A9D}.Debug|Any CPU.Build.0 = Debug|Any CPU
		{4709B73C-7495-4477-B82C-0A23E1C28A9D}.Release|Any CPU.ActiveCfg = Release|Any CPU
		{4709B73C-7495-4477-B82C-0A23E1C28A9D}.Release|Any CPU.Build.0 = Release|Any CPU
		{355C123F-0C31-492E-9E49-DA960FC20837}.Debug|Any CPU.ActiveCfg = Debug|Any CPU
		{355C123F-0C31-492E-9E49-DA960FC20837}.Debug|Any CPU.Build.0 = Debug|Any CPU
		{355C123F-0C31-492E-9E49-DA960FC20837}.Release|Any CPU.ActiveCfg = Release|Any CPU
		{355C123F-0C31-492E-9E49-DA960FC20837}.Release|Any CPU.Build.0 = Release|Any CPU
		{AA4DB8F8-4162-4D25-B21B-E2D2899B67F7}.Debug|Any CPU.ActiveCfg = Debug|Any CPU
		{AA4DB8F8-4162-4D25-B21B-E2D2899B67F7}.Debug|Any CPU.Build.0 = Debug|Any CPU
		{AA4DB8F8-4162-4D25-B21B-E2D2899B67F7}.Release|Any CPU.ActiveCfg = Release|Any CPU
		{AA4DB8F8-4162-4D25-B21B-E2D2899B67F7}.Release|Any CPU.Build.0 = Release|Any CPU
		{FD4FFFAE-ED30-4147-A43B-F6E6A72DA6E5}.Debug|Any CPU.ActiveCfg = Debug|Any CPU
		{FD4FFFAE-ED30-4147-A43B-F6E6A72DA6E5}.Debug|Any CPU.Build.0 = Debug|Any CPU
		{FD4FFFAE-ED30-4147-A43B-F6E6A72DA6E5}.Release|Any CPU.ActiveCfg = Release|Any CPU
		{FD4FFFAE-ED30-4147-A43B-F6E6A72DA6E5}.Release|Any CPU.Build.0 = Release|Any CPU
		{BA5B1EC8-E83D-4BB8-9460-F5333A65784E}.Debug|Any CPU.ActiveCfg = Debug|Any CPU
		{BA5B1EC8-E83D-4BB8-9460-F5333A65784E}.Debug|Any CPU.Build.0 = Debug|Any CPU
		{BA5B1EC8-E83D-4BB8-9460-F5333A65784E}.Release|Any CPU.ActiveCfg = Release|Any CPU
		{BA5B1EC8-E83D-4BB8-9460-F5333A65784E}.Release|Any CPU.Build.0 = Release|Any CPU
		{B300DC3E-5729-46E4-8ADB-F3A1DA71B207}.Debug|Any CPU.ActiveCfg = Debug|Any CPU
		{B300DC3E-5729-46E4-8ADB-F3A1DA71B207}.Debug|Any CPU.Build.0 = Debug|Any CPU
		{B300DC3E-5729-46E4-8ADB-F3A1DA71B207}.Release|Any CPU.ActiveCfg = Release|Any CPU
		{B300DC3E-5729-46E4-8ADB-F3A1DA71B207}.Release|Any CPU.Build.0 = Release|Any CPU
		{79017121-CEF1-42FD-BF99-5A51C3FB33E8}.Debug|Any CPU.ActiveCfg = Debug|Any CPU
		{79017121-CEF1-42FD-BF99-5A51C3FB33E8}.Debug|Any CPU.Build.0 = Debug|Any CPU
		{79017121-CEF1-42FD-BF99-5A51C3FB33E8}.Release|Any CPU.ActiveCfg = Release|Any CPU
		{79017121-CEF1-42FD-BF99-5A51C3FB33E8}.Release|Any CPU.Build.0 = Release|Any CPU
		{8897CD18-4AF8-12BB-A18A-973C174DAB33}.Debug|Any CPU.ActiveCfg = Debug|Any CPU
		{8897CD18-4AF8-12BB-A18A-973C174DAB33}.Debug|Any CPU.Build.0 = Debug|Any CPU
		{8897CD18-4AF8-12BB-A18A-973C174DAB33}.Release|Any CPU.ActiveCfg = Release|Any CPU
		{8897CD18-4AF8-12BB-A18A-973C174DAB33}.Release|Any CPU.Build.0 = Release|Any CPU
		{122F45B3-7028-E07D-8515-CBB0E352AAC1}.Debug|Any CPU.ActiveCfg = Debug|Any CPU
		{122F45B3-7028-E07D-8515-CBB0E352AAC1}.Debug|Any CPU.Build.0 = Debug|Any CPU
		{122F45B3-7028-E07D-8515-CBB0E352AAC1}.Release|Any CPU.ActiveCfg = Release|Any CPU
		{122F45B3-7028-E07D-8515-CBB0E352AAC1}.Release|Any CPU.Build.0 = Release|Any CPU
	EndGlobalSection
	GlobalSection(SolutionProperties) = preSolution
		HideSolutionNode = FALSE
	EndGlobalSection
	GlobalSection(NestedProjects) = preSolution
		{B449C881-7F28-41EC-AF16-9BBA69E4E858} = {004073B3-1EBA-4C41-B17B-FC81C3E35ED1}
		{695A211D-682A-4410-B2C0-3D745C2FD3D5} = {004073B3-1EBA-4C41-B17B-FC81C3E35ED1}
		{EFB76F8F-89FE-4261-A98A-D5ED3A6DA61D} = {004073B3-1EBA-4C41-B17B-FC81C3E35ED1}
		{038087E7-721E-40ED-926D-5C6FAC465B40} = {004073B3-1EBA-4C41-B17B-FC81C3E35ED1}
		{4709B73C-7495-4477-B82C-0A23E1C28A9D} = {004073B3-1EBA-4C41-B17B-FC81C3E35ED1}
		{355C123F-0C31-492E-9E49-DA960FC20837} = {004073B3-1EBA-4C41-B17B-FC81C3E35ED1}
		{AA4DB8F8-4162-4D25-B21B-E2D2899B67F7} = {004073B3-1EBA-4C41-B17B-FC81C3E35ED1}
		{FD4FFFAE-ED30-4147-A43B-F6E6A72DA6E5} = {004073B3-1EBA-4C41-B17B-FC81C3E35ED1}
		{BA5B1EC8-E83D-4BB8-9460-F5333A65784E} = {004073B3-1EBA-4C41-B17B-FC81C3E35ED1}
		{B300DC3E-5729-46E4-8ADB-F3A1DA71B207} = {004073B3-1EBA-4C41-B17B-FC81C3E35ED1}
		{79017121-CEF1-42FD-BF99-5A51C3FB33E8} = {004073B3-1EBA-4C41-B17B-FC81C3E35ED1}
		{8897CD18-4AF8-12BB-A18A-973C174DAB33} = {004073B3-1EBA-4C41-B17B-FC81C3E35ED1}
		{122F45B3-7028-E07D-8515-CBB0E352AAC1} = {004073B3-1EBA-4C41-B17B-FC81C3E35ED1}
	EndGlobalSection
	GlobalSection(ExtensibilityGlobals) = postSolution
		SolutionGuid = {B1782BEE-0AE9-4840-8CD5-8CF3C2B2238B}
	EndGlobalSection
EndGlobal
